{
  "JEWELRY": {
    "earring_001": {
      "name": "Brincos de Diamante",
      "type": "earrings",
      "group": "ear",
      "left": "/images/earrings/earring_001_left.png",
      "right": "/images/earrings/earring_001_right.png",
      "thumbnail": "/images/earrings/earring_001_thumb.png",
      "defaultScale": 1,
      "gap": 5
    },
    "earring_002": {
      "name": "Brincos de Ouro Pingente",
      "type": "earrings",
      "group": "ear",
      "left": "/images/earrings/earring_002_left.png",
      "right": "/images/earrings/earring_002_right.png",
      "thumbnail": "/images/earrings/earring_002_thumb.png",
      "defaultScale": 1,
      "gap": 5
    },
    "necklace_001": {
      "name": "Colar de Pérolas",
      "type": "necklace",
      "group": "neck",
      "image": "/images/necklaces/necklace_001.png",
      "thumbnail": "/images/necklaces/necklace_001_thumb.png",
      "defaultScale": 1.2
    },
    "necklace_002": {
      "name": "Colar de Diamantes",
      "type": "necklace",
      "group": "neck",
      "image": "/images/necklaces/necklace_002.png",
      "thumbnail": "/images/necklaces/necklace_002_thumb.png",
      "defaultScale": 1.2
    },
    "ring_001": {
      "name": "Anel de Ouro",
      "type": "hand",
      "subcategory": "ring",
      "group": "hand",
      "image": "/images/rings/ring_001.png",
      "thumbnail": "/images/rings/ring_001_thumb.png",
      "fingerIndex": 8,
      "defaultScale": 1
    },
    "bangle_001": {
      "name": "Bracelete de Ouro",
      "type": "hand",
      "subcategory": "bangle",
      "group": "hand",
      "image": "/images/bangles/bangle_001.png",
      "thumbnail": "/images/bangles/bangle_001_thumb.png",
      "defaultScale": 1
    },
    "tikka_001": {
      "name": "Tikka de Rubi",
      "type": "single",
      "group": "face",
      "image": "/images/tikka/tikka_001.png",
      "thumbnail": "/images/tikka/tikka_001_thumb.png",
      "landmark": 151,
      "defaultScale": 0.8
    }
  }
}